// !$*UTF8*$!
{
	archiveVersion = 1;
	classes = {
	};
	objectVersion = 50;
	objects = {

/* Begin PBXBuildFile section */
		303E38882711EC69006DA803 /* BlockMemoryLayout.m in Sources */ = {isa = PBXBuildFile; fileRef = 303E38872711EC69006DA803 /* BlockMemoryLayout.m */; };
		305D753E23312B4B0073967E /* AppDelegate.m in Sources */ = {isa = PBXBuildFile; fileRef = 305D753D23312B4B0073967E /* AppDelegate.m */; };
		305D754123312B4B0073967E /* ViewController.m in Sources */ = {isa = PBXBuildFile; fileRef = 305D754023312B4B0073967E /* ViewController.m */; };
		305D754423312B4B0073967E /* Main.storyboard in Resources */ = {isa = PBXBuildFile; fileRef = 305D754223312B4B0073967E /* Main.storyboard */; };
		305D754623312B4C0073967E /* Assets.xcassets in Resources */ = {isa = PBXBuildFile; fileRef = 305D754523312B4C0073967E /* Assets.xcassets */; };
		305D754923312B4C0073967E /* LaunchScreen.storyboard in Resources */ = {isa = PBXBuildFile; fileRef = 305D754723312B4C0073967E /* LaunchScreen.storyboard */; };
		305D754C23312B4C0073967E /* main.m in Sources */ = {isa = PBXBuildFile; fileRef = 305D754B23312B4C0073967E /* main.m */; };
		305D75542331348A0073967E /* Person.m in Sources */ = {isa = PBXBuildFile; fileRef = 305D75532331348A0073967E /* Person.m */; };
		30B22CDB267E56C200BE9558 /* Test.m in Sources */ = {isa = PBXBuildFile; fileRef = 30B22CDA267E56C200BE9558 /* Test.m */; };
/* End PBXBuildFile section */

/* Begin PBXFileReference section */
		303E38862711EC69006DA803 /* BlockMemoryLayout.h */ = {isa = PBXFileReference; lastKnownFileType = sourcecode.c.h; path = BlockMemoryLayout.h; sourceTree = "<group>"; };
		303E38872711EC69006DA803 /* BlockMemoryLayout.m */ = {isa = PBXFileReference; lastKnownFileType = sourcecode.c.objc; path = BlockMemoryLayout.m; sourceTree = "<group>"; };
		305D753923312B4B0073967E /* BlockProject.app */ = {isa = PBXFileReference; explicitFileType = wrapper.application; includeInIndex = 0; path = BlockProject.app; sourceTree = BUILT_PRODUCTS_DIR; };
		305D753C23312B4B0073967E /* AppDelegate.h */ = {isa = PBXFileReference; lastKnownFileType = sourcecode.c.h; path = AppDelegate.h; sourceTree = "<group>"; };
		305D753D23312B4B0073967E /* AppDelegate.m */ = {isa = PBXFileReference; lastKnownFileType = sourcecode.c.objc; path = AppDelegate.m; sourceTree = "<group>"; };
		305D753F23312B4B0073967E /* ViewController.h */ = {isa = PBXFileReference; lastKnownFileType = sourcecode.c.h; path = ViewController.h; sourceTree = "<group>"; };
		305D754023312B4B0073967E /* ViewController.m */ = {isa = PBXFileReference; lastKnownFileType = sourcecode.c.objc; path = ViewController.m; sourceTree = "<group>"; };
		305D754323312B4B0073967E /* Base */ = {isa = PBXFileReference; lastKnownFileType = file.storyboard; name = Base; path = Base.lproj/Main.storyboard; sourceTree = "<group>"; };
		305D754523312B4C0073967E /* Assets.xcassets */ = {isa = PBXFileReference; lastKnownFileType = folder.assetcatalog; path = Assets.xcassets; sourceTree = "<group>"; };
		305D754823312B4C0073967E /* Base */ = {isa = PBXFileReference; lastKnownFileType = file.storyboard; name = Base; path = Base.lproj/LaunchScreen.storyboard; sourceTree = "<group>"; };
		305D754A23312B4C0073967E /* Info.plist */ = {isa = PBXFileReference; lastKnownFileType = text.plist.xml; path = Info.plist; sourceTree = "<group>"; };
		305D754B23312B4C0073967E /* main.m */ = {isa = PBXFileReference; lastKnownFileType = sourcecode.c.objc; path = main.m; sourceTree = "<group>"; };
		305D75522331348A0073967E /* Person.h */ = {isa = PBXFileReference; lastKnownFileType = sourcecode.c.h; path = Person.h; sourceTree = "<group>"; };
		305D75532331348A0073967E /* Person.m */ = {isa = PBXFileReference; lastKnownFileType = sourcecode.c.objc; path = Person.m; sourceTree = "<group>"; };
		30B22CD9267E56C200BE9558 /* Test.h */ = {isa = PBXFileReference; lastKnownFileType = sourcecode.c.h; path = Test.h; sourceTree = "<group>"; };
		30B22CDA267E56C200BE9558 /* Test.m */ = {isa = PBXFileReference; lastKnownFileType = sourcecode.c.objc; path = Test.m; sourceTree = "<group>"; };
/* End PBXFileReference section */

/* Begin PBXFrameworksBuildPhase section */
		305D753623312B4B0073967E /* Frameworks */ = {
			isa = PBXFrameworksBuildPhase;
			buildActionMask = 2147483647;
			files = (
			);
			runOnlyForDeploymentPostprocessing = 0;
		};
/* End PBXFrameworksBuildPhase section */

/* Begin PBXGroup section */
		303E38852711EC3D006DA803 /* 找出block内存布局 */ = {
			isa = PBXGroup;
			children = (
				303E38862711EC69006DA803 /* BlockMemoryLayout.h */,
				303E38872711EC69006DA803 /* BlockMemoryLayout.m */,
			);
			path = "找出block内存布局";
			sourceTree = "<group>";
		};
		305D753023312B4B0073967E = {
			isa = PBXGroup;
			children = (
				305D753B23312B4B0073967E /* BlockProject */,
				305D753A23312B4B0073967E /* Products */,
			);
			sourceTree = "<group>";
		};
		305D753A23312B4B0073967E /* Products */ = {
			isa = PBXGroup;
			children = (
				305D753923312B4B0073967E /* BlockProject.app */,
			);
			name = Products;
			sourceTree = "<group>";
		};
		305D753B23312B4B0073967E /* BlockProject */ = {
			isa = PBXGroup;
			children = (
				303E38852711EC3D006DA803 /* 找出block内存布局 */,
				305D753C23312B4B0073967E /* AppDelegate.h */,
				305D753D23312B4B0073967E /* AppDelegate.m */,
				305D753F23312B4B0073967E /* ViewController.h */,
				305D754023312B4B0073967E /* ViewController.m */,
				305D75522331348A0073967E /* Person.h */,
				305D75532331348A0073967E /* Person.m */,
				30B22CD9267E56C200BE9558 /* Test.h */,
				30B22CDA267E56C200BE9558 /* Test.m */,
				305D754223312B4B0073967E /* Main.storyboard */,
				305D754523312B4C0073967E /* Assets.xcassets */,
				305D754723312B4C0073967E /* LaunchScreen.storyboard */,
				305D754A23312B4C0073967E /* Info.plist */,
				305D754B23312B4C0073967E /* main.m */,
			);
			path = BlockProject;
			sourceTree = "<group>";
		};
/* End PBXGroup section */

/* Begin PBXNativeTarget section */
		305D753823312B4B0073967E /* BlockProject */ = {
			isa = PBXNativeTarget;
			buildConfigurationList = 305D754F23312B4C0073967E /* Build configuration list for PBXNativeTarget "BlockProject" */;
			buildPhases = (
				305D753523312B4B0073967E /* Sources */,
				305D753623312B4B0073967E /* Frameworks */,
				305D753723312B4B0073967E /* Resources */,
			);
			buildRules = (
			);
			dependencies = (
			);
			name = BlockProject;
			productName = BlockProject;
			productReference = 305D753923312B4B0073967E /* BlockProject.app */;
			productType = "com.apple.product-type.application";
		};
/* End PBXNativeTarget section */

/* Begin PBXProject section */
		305D753123312B4B0073967E /* Project object */ = {
			isa = PBXProject;
			attributes = {
				LastUpgradeCheck = 1030;
				ORGANIZATIONNAME = Danny;
				TargetAttributes = {
					305D753823312B4B0073967E = {
						CreatedOnToolsVersion = 10.3;
					};
				};
			};
			buildConfigurationList = 305D753423312B4B0073967E /* Build configuration list for PBXProject "BlockProject" */;
			compatibilityVersion = "Xcode 9.3";
			developmentRegion = en;
			hasScannedForEncodings = 0;
			knownRegions = (
				en,
				Base,
			);
			mainGroup = 305D753023312B4B0073967E;
			productRefGroup = 305D753A23312B4B0073967E /* Products */;
			projectDirPath = "";
			projectRoot = "";
			targets = (
				305D753823312B4B0073967E /* BlockProject */,
			);
		};
/* End PBXProject section */

/* Begin PBXResourcesBuildPhase section */
		305D753723312B4B0073967E /* Resources */ = {
			isa = PBXResourcesBuildPhase;
			buildActionMask = 2147483647;
			files = (
				305D754923312B4C0073967E /* LaunchScreen.storyboard in Resources */,
				305D754623312B4C0073967E /* Assets.xcassets in Resources */,
				305D754423312B4B0073967E /* Main.storyboard in Resources */,
			);
			runOnlyForDeploymentPostprocessing = 0;
		};
/* End PBXResourcesBuildPhase section */

/* Begin PBXSourcesBuildPhase section */
		305D753523312B4B0073967E /* Sources */ = {
			isa = PBXSourcesBuildPhase;
			buildActionMask = 2147483647;
			files = (
				303E38882711EC69006DA803 /* BlockMemoryLayout.m in Sources */,
				30B22CDB267E56C200BE9558 /* Test.m in Sources */,
				305D754123312B4B0073967E /* ViewController.m in Sources */,
				305D754C23312B4C0073967E /* main.m in Sources */,
				305D75542331348A0073967E /* Person.m in Sources */,
				305D753E23312B4B0073967E /* AppDelegate.m in Sources */,
			);
			runOnlyForDeploymentPostprocessing = 0;
		};
/* End PBXSourcesBuildPhase section */

/* Begin PBXVariantGroup section */
		305D754223312B4B0073967E /* Main.storyboard */ = {
			isa = PBXVariantGroup;
			children = (
				305D754323312B4B0073967E /* Base */,
			);
			name = Main.storyboard;
			sourceTree = "<group>";
		};
		305D754723312B4C0073967E /* LaunchScreen.storyboard */ = {
			isa = PBXVariantGroup;
			children = (
				305D754823312B4C0073967E /* Base */,
			);
			name = LaunchScreen.storyboard;
			sourceTree = "<group>";
		};
/* End PBXVariantGroup section */

/* Begin XCBuildConfiguration section */
		305D754D23312B4C0073967E /* Debug */ = {
			isa = XCBuildConfiguration;
			buildSettings = {
				ALWAYS_SEARCH_USER_PATHS = NO;
				CLANG_ANALYZER_NONNULL = YES;
				CLANG_ANALYZER_NUMBER_OBJECT_CONVERSION = YES_AGGRESSIVE;
				CLANG_CXX_LANGUAGE_STANDARD = "gnu++14";
				CLANG_CXX_LIBRARY = "libc++";
				CLANG_ENABLE_MODULES = YES;
				CLANG_ENABLE_OBJC_ARC = YES;
				CLANG_ENABLE_OBJC_WEAK = YES;
				CLANG_WARN_BLOCK_CAPTURE_AUTORELEASING = YES;
				CLANG_WARN_BOOL_CONVERSION = YES;
				CLANG_WARN_COMMA = YES;
				CLANG_WARN_CONSTANT_CONVERSION = YES;
				CLANG_WARN_DEPRECATED_OBJC_IMPLEMENTATIONS = YES;
				CLANG_WARN_DIRECT_OBJC_ISA_USAGE = YES_ERROR;
				CLANG_WARN_DOCUMENTATION_COMMENTS = YES;
				CLANG_WARN_EMPTY_BODY = YES;
				CLANG_WARN_ENUM_CONVERSION = YES;
				CLANG_WARN_INFINITE_RECURSION = YES;
				CLANG_WARN_INT_CONVERSION = YES;
				CLANG_WARN_NON_LITERAL_NULL_CONVERSION = YES;
				CLANG_WARN_OBJC_IMPLICIT_RETAIN_SELF = YES;
				CLANG_WARN_OBJC_LITERAL_CONVERSION = YES;
				CLANG_WARN_OBJC_ROOT_CLASS = YES_ERROR;
				CLANG_WARN_RANGE_LOOP_ANALYSIS = YES;
				CLANG_WARN_STRICT_PROTOTYPES = YES;
				CLANG_WARN_SUSPICIOUS_MOVE = YES;
				CLANG_WARN_UNGUARDED_AVAILABILITY = YES_AGGRESSIVE;
				CLANG_WARN_UNREACHABLE_CODE = YES;
				CLANG_WARN__DUPLICATE_METHOD_MATCH = YES;
				CODE_SIGN_IDENTITY = "iPhone Developer";
				COPY_PHASE_STRIP = NO;
				DEBUG_INFORMATION_FORMAT = dwarf;
				ENABLE_STRICT_OBJC_MSGSEND = YES;
				ENABLE_TESTABILITY = YES;
				GCC_C_LANGUAGE_STANDARD = gnu11;
				GCC_DYNAMIC_NO_PIC = NO;
				GCC_NO_COMMON_BLOCKS = YES;
				GCC_OPTIMIZATION_LEVEL = 0;
				GCC_PREPROCESSOR_DEFINITIONS = (
					"DEBUG=1",
					"$(inherited)",
				);
				GCC_WARN_64_TO_32_BIT_CONVERSION = YES;
				GCC_WARN_ABOUT_RETURN_TYPE = YES_ERROR;
				GCC_WARN_UNDECLARED_SELECTOR = YES;
				GCC_WARN_UNINITIALIZED_AUTOS = YES_AGGRESSIVE;
				GCC_WARN_UNUSED_FUNCTION = YES;
				GCC_WARN_UNUSED_VARIABLE = YES;
				IPHONEOS_DEPLOYMENT_TARGET = 12.4;
				MTL_ENABLE_DEBUG_INFO = INCLUDE_SOURCE;
				MTL_FAST_MATH = YES;
				ONLY_ACTIVE_ARCH = YES;
				SDKROOT = iphoneos;
			};
			name = Debug;
		};
		305D754E23312B4C0073967E /* Release */ = {
			isa = XCBuildConfiguration;
			buildSettings = {
				ALWAYS_SEARCH_USER_PATHS = NO;
				CLANG_ANALYZER_NONNULL = YES;
				CLANG_ANALYZER_NUMBER_OBJECT_CONVERSION = YES_AGGRESSIVE;
				CLANG_CXX_LANGUAGE_STANDARD = "gnu++14";
				CLANG_CXX_LIBRARY = "libc++";
				CLANG_ENABLE_MODULES = YES;
				CLANG_ENABLE_OBJC_ARC = YES;
				CLANG_ENABLE_OBJC_WEAK = YES;
				CLANG_WARN_BLOCK_CAPTURE_AUTORELEASING = YES;
				CLANG_WARN_BOOL_CONVERSION = YES;
				CLANG_WARN_COMMA = YES;
				CLANG_WARN_CONSTANT_CONVERSION = YES;
				CLANG_WARN_DEPRECATED_OBJC_IMPLEMENTATIONS = YES;
				CLANG_WARN_DIRECT_OBJC_ISA_USAGE = YES_ERROR;
				CLANG_WARN_DOCUMENTATION_COMMENTS = YES;
				CLANG_WARN_EMPTY_BODY = YES;
				CLANG_WARN_ENUM_CONVERSION = YES;
				CLANG_WARN_INFINITE_RECURSION = YES;
				CLANG_WARN_INT_CONVERSION = YES;
				CLANG_WARN_NON_LITERAL_NULL_CONVERSION = YES;
				CLANG_WARN_OBJC_IMPLICIT_RETAIN_SELF = YES;
				CLANG_WARN_OBJC_LITERAL_CONVERSION = YES;
				CLANG_WARN_OBJC_ROOT_CLASS = YES_ERROR;
				CLANG_WARN_RANGE_LOOP_ANALYSIS = YES;
				CLANG_WARN_STRICT_PROTOTYPES = YES;
				CLANG_WARN_SUSPICIOUS_MOVE = YES;
				CLANG_WARN_UNGUARDED_AVAILABILITY = YES_AGGRESSIVE;
				CLANG_WARN_UNREACHABLE_CODE = YES;
				CLANG_WARN__DUPLICATE_METHOD_MATCH = YES;
				CODE_SIGN_IDENTITY = "iPhone Developer";
				COPY_PHASE_STRIP = NO;
				DEBUG_INFORMATION_FORMAT = "dwarf-with-dsym";
				ENABLE_NS_ASSERTIONS = NO;
				ENABLE_STRICT_OBJC_MSGSEND = YES;
				GCC_C_LANGUAGE_STANDARD = gnu11;
				GCC_NO_COMMON_BLOCKS = YES;
				GCC_WARN_64_TO_32_BIT_CONVERSION = YES;
				GCC_WARN_ABOUT_RETURN_TYPE = YES_ERROR;
				GCC_WARN_UNDECLARED_SELECTOR = YES;
				GCC_WARN_UNINITIALIZED_AUTOS = YES_AGGRESSIVE;
				GCC_WARN_UNUSED_FUNCTION = YES;
				GCC_WARN_UNUSED_VARIABLE = YES;
				IPHONEOS_DEPLOYMENT_TARGET = 12.4;
				MTL_ENABLE_DEBUG_INFO = NO;
				MTL_FAST_MATH = YES;
				SDKROOT = iphoneos;
				VALIDATE_PRODUCT = YES;
			};
			name = Release;
		};
		305D755023312B4C0073967E /* Debug */ = {
			isa = XCBuildConfiguration;
			buildSettings = {
				ASSETCATALOG_COMPILER_APPICON_NAME = AppIcon;
				CODE_SIGN_STYLE = Manual;
				DEVELOPMENT_TEAM = P6T5ZY8YV9;
				INFOPLIST_FILE = BlockProject/Info.plist;
				LD_RUNPATH_SEARCH_PATHS = (
					"$(inherited)",
					"@executable_path/Frameworks",
				);
				PRODUCT_BUNDLE_IDENTIFIER = com.hulk.test;
				PRODUCT_NAME = "$(TARGET_NAME)";
				PROVISIONING_PROFILE_SPECIFIER = hulk_test_dev;
				TARGETED_DEVICE_FAMILY = "1,2";
			};
			name = Debug;
		};
		305D755123312B4C0073967E /* Release */ = {
			isa = XCBuildConfiguration;
			buildSettings = {
				ASSETCATALOG_COMPILER_APPICON_NAME = AppIcon;
				CODE_SIGN_STYLE = Manual;
				DEVELOPMENT_TEAM = P6T5ZY8YV9;
				INFOPLIST_FILE = BlockProject/Info.plist;
				LD_RUNPATH_SEARCH_PATHS = (
					"$(inherited)",
					"@executable_path/Frameworks",
				);
				PRODUCT_BUNDLE_IDENTIFIER = com.hulk.test;
				PRODUCT_NAME = "$(TARGET_NAME)";
				PROVISIONING_PROFILE_SPECIFIER = hulk_test_dev;
				TARGETED_DEVICE_FAMILY = "1,2";
			};
			name = Release;
		};
/* End XCBuildConfiguration section */

/* Begin XCConfigurationList section */
		305D753423312B4B0073967E /* Build configuration list for PBXProject "BlockProject" */ = {
			isa = XCConfigurationList;
			buildConfigurations = (
				305D754D23312B4C0073967E /* Debug */,
				305D754E23312B4C0073967E /* Release */,
			);
			defaultConfigurationIsVisible = 0;
			defaultConfigurationName = Release;
		};
		305D754F23312B4C0073967E /* Build configuration list for PBXNativeTarget "BlockProject" */ = {
			isa = XCConfigurationList;
			buildConfigurations = (
				305D755023312B4C0073967E /* Debug */,
				305D755123312B4C0073967E /* Release */,
			);
			defaultConfigurationIsVisible = 0;
			defaultConfigurationName = Release;
		};
/* End XCConfigurationList section */
	};
	rootObject = 305D753123312B4B0073967E /* Project object */;
}
